// !$*UTF8*$!
{
	archiveVersion = 1;
	classes = {
	};
	objectVersion = 46;
	objects = {

/* Begin PBXBuildFile section */
		3F30CE801E12C7A400187C62 /* ProfileViewController.swift in Sources */ = {isa = PBXBuildFile; fileRef = 3F30CE7F1E12C7A400187C62 /* ProfileViewController.swift */; };
		3F30CE841E12C85500187C62 /* WarenkorbViewController.swift in Sources */ = {isa = PBXBuildFile; fileRef = 3F30CE831E12C85500187C62 /* WarenkorbViewController.swift */; };
		3F37D1381E1AA56500B653C2 /* KategoriePCViewController.swift in Sources */ = {isa = PBXBuildFile; fileRef = 3F37D1371E1AA56500B653C2 /* KategoriePCViewController.swift */; };
		3F37D13A1E1AA96D00B653C2 /* KategorieRPGViewController.swift in Sources */ = {isa = PBXBuildFile; fileRef = 3F37D1391E1AA96D00B653C2 /* KategorieRPGViewController.swift */; };
		3F37D13C1E1AAB1400B653C2 /* KategorieSimulationViewController.swift in Sources */ = {isa = PBXBuildFile; fileRef = 3F37D13B1E1AAB1400B653C2 /* KategorieSimulationViewController.swift */; };
		3F37D1401E1AB02800B653C2 /* KategorieSportViewController.swift in Sources */ = {isa = PBXBuildFile; fileRef = 3F37D13F1E1AB02800B653C2 /* KategorieSportViewController.swift */; };
		3F7BB9EC1E154EC20032D6FE /* KategorienViewController.swift in Sources */ = {isa = PBXBuildFile; fileRef = 3F7BB9EB1E154EC20032D6FE /* KategorienViewController.swift */; };
		3F96AF411E11A3120081EE0E /* AppDelegate.swift in Sources */ = {isa = PBXBuildFile; fileRef = 3F96AF401E11A3120081EE0E /* AppDelegate.swift */; };
		3F96AF431E11A3120081EE0E /* ViewController.swift in Sources */ = {isa = PBXBuildFile; fileRef = 3F96AF421E11A3120081EE0E /* ViewController.swift */; };
		3F96AF461E11A3120081EE0E /* Main.storyboard in Resources */ = {isa = PBXBuildFile; fileRef = 3F96AF441E11A3120081EE0E /* Main.storyboard */; };
		3F96AF481E11A3120081EE0E /* Assets.xcassets in Resources */ = {isa = PBXBuildFile; fileRef = 3F96AF471E11A3120081EE0E /* Assets.xcassets */; };
		3F96AF4B1E11A3120081EE0E /* LaunchScreen.storyboard in Resources */ = {isa = PBXBuildFile; fileRef = 3F96AF491E11A3120081EE0E /* LaunchScreen.storyboard */; };
		3FC28D1B1E153B5B00ED7138 /* WunschViewController.swift in Sources */ = {isa = PBXBuildFile; fileRef = 3FC28D1A1E153B5B00ED7138 /* WunschViewController.swift */; };
		3FED0B481E157EEB00222CC5 /* KategorieAuswahlViewController.swift in Sources */ = {isa = PBXBuildFile; fileRef = 3FED0B471E157EEB00222CC5 /* KategorieAuswahlViewController.swift */; };
/* End PBXBuildFile section */

/* Begin PBXFileReference section */
		3F30CE7F1E12C7A400187C62 /* ProfileViewController.swift */ = {isa = PBXFileReference; fileEncoding = 4; lastKnownFileType = sourcecode.swift; path = ProfileViewController.swift; sourceTree = "<group>"; };
		3F30CE831E12C85500187C62 /* WarenkorbViewController.swift */ = {isa = PBXFileReference; fileEncoding = 4; lastKnownFileType = sourcecode.swift; path = WarenkorbViewController.swift; sourceTree = "<group>"; };
		3F37D1371E1AA56500B653C2 /* KategoriePCViewController.swift */ = {isa = PBXFileReference; fileEncoding = 4; lastKnownFileType = sourcecode.swift; path = KategoriePCViewController.swift; sourceTree = "<group>"; };
		3F37D1391E1AA96D00B653C2 /* KategorieRPGViewController.swift */ = {isa = PBXFileReference; fileEncoding = 4; lastKnownFileType = sourcecode.swift; path = KategorieRPGViewController.swift; sourceTree = "<group>"; };
		3F37D13B1E1AAB1400B653C2 /* KategorieSimulationViewController.swift */ = {isa = PBXFileReference; fileEncoding = 4; lastKnownFileType = sourcecode.swift; path = KategorieSimulationViewController.swift; sourceTree = "<group>"; };
		3F37D13F1E1AB02800B653C2 /* KategorieSportViewController.swift */ = {isa = PBXFileReference; fileEncoding = 4; lastKnownFileType = sourcecode.swift; name = KategorieSportViewController.swift; path = ../KategorieSportViewController.swift; sourceTree = "<group>"; };
		3F7BB9EB1E154EC20032D6FE /* KategorienViewController.swift */ = {isa = PBXFileReference; fileEncoding = 4; lastKnownFileType = sourcecode.swift; path = KategorienViewController.swift; sourceTree = "<group>"; };
		3F96AF3D1E11A3120081EE0E /* Mobu Gameshop WS1617.app */ = {isa = PBXFileReference; explicitFileType = wrapper.application; includeInIndex = 0; path = "Mobu Gameshop WS1617.app"; sourceTree = BUILT_PRODUCTS_DIR; };
		3F96AF401E11A3120081EE0E /* AppDelegate.swift */ = {isa = PBXFileReference; lastKnownFileType = sourcecode.swift; path = AppDelegate.swift; sourceTree = "<group>"; };
		3F96AF421E11A3120081EE0E /* ViewController.swift */ = {isa = PBXFileReference; lastKnownFileType = sourcecode.swift; path = ViewController.swift; sourceTree = "<group>"; };
		3F96AF451E11A3120081EE0E /* Base */ = {isa = PBXFileReference; lastKnownFileType = file.storyboard; name = Base; path = Base.lproj/Main.storyboard; sourceTree = "<group>"; };
		3F96AF471E11A3120081EE0E /* Assets.xcassets */ = {isa = PBXFileReference; lastKnownFileType = folder.assetcatalog; path = Assets.xcassets; sourceTree = "<group>"; };
		3F96AF4A1E11A3120081EE0E /* Base */ = {isa = PBXFileReference; lastKnownFileType = file.storyboard; name = Base; path = Base.lproj/LaunchScreen.storyboard; sourceTree = "<group>"; };
		3F96AF4C1E11A3120081EE0E /* Info.plist */ = {isa = PBXFileReference; lastKnownFileType = text.plist.xml; path = Info.plist; sourceTree = "<group>"; };
		3FC28D1A1E153B5B00ED7138 /* WunschViewController.swift */ = {isa = PBXFileReference; fileEncoding = 4; lastKnownFileType = sourcecode.swift; name = WunschViewController.swift; path = ../WunschViewController.swift; sourceTree = "<group>"; };
		3FED0B471E157EEB00222CC5 /* KategorieAuswahlViewController.swift */ = {isa = PBXFileReference; fileEncoding = 4; lastKnownFileType = sourcecode.swift; path = KategorieAuswahlViewController.swift; sourceTree = "<group>"; };
/* End PBXFileReference section */

/* Begin PBXFrameworksBuildPhase section */
		3F96AF3A1E11A3110081EE0E /* Frameworks */ = {
			isa = PBXFrameworksBuildPhase;
			buildActionMask = 2147483647;
			files = (
			);
			runOnlyForDeploymentPostprocessing = 0;
		};
/* End PBXFrameworksBuildPhase section */

/* Begin PBXGroup section */
		3F96AF341E11A3110081EE0E = {
			isa = PBXGroup;
			children = (
				3F96AF3F1E11A3120081EE0E /* Mobu Gameshop WS1617 */,
				3F96AF3E1E11A3120081EE0E /* Products */,
			);
			sourceTree = "<group>";
		};
		3F96AF3E1E11A3120081EE0E /* Products */ = {
			isa = PBXGroup;
			children = (
				3F96AF3D1E11A3120081EE0E /* Mobu Gameshop WS1617.app */,
			);
			name = Products;
			sourceTree = "<group>";
		};
		3F96AF3F1E11A3120081EE0E /* Mobu Gameshop WS1617 */ = {
			isa = PBXGroup;
			children = (
				3F96AF401E11A3120081EE0E /* AppDelegate.swift */,
				3F96AF421E11A3120081EE0E /* ViewController.swift */,
				3F30CE7F1E12C7A400187C62 /* ProfileViewController.swift */,
				3FC28D1A1E153B5B00ED7138 /* WunschViewController.swift */,
				3F30CE831E12C85500187C62 /* WarenkorbViewController.swift */,
				3F7BB9EB1E154EC20032D6FE /* KategorienViewController.swift */,
				3FED0B471E157EEB00222CC5 /* KategorieAuswahlViewController.swift */,
				3F37D1371E1AA56500B653C2 /* KategoriePCViewController.swift */,
				3F37D1391E1AA96D00B653C2 /* KategorieRPGViewController.swift */,
				3F37D13B1E1AAB1400B653C2 /* KategorieSimulationViewController.swift */,
				3F37D13F1E1AB02800B653C2 /* KategorieSportViewController.swift */,
				3F96AF441E11A3120081EE0E /* Main.storyboard */,
				3F96AF471E11A3120081EE0E /* Assets.xcassets */,
				3F96AF491E11A3120081EE0E /* LaunchScreen.storyboard */,
				3F96AF4C1E11A3120081EE0E /* Info.plist */,
			);
			path = "Mobu Gameshop WS1617";
			sourceTree = "<group>";
		};
/* End PBXGroup section */

/* Begin PBXNativeTarget section */
		3F96AF3C1E11A3110081EE0E /* Mobu Gameshop WS1617 */ = {
			isa = PBXNativeTarget;
			buildConfigurationList = 3F96AF4F1E11A3120081EE0E /* Build configuration list for PBXNativeTarget "Mobu Gameshop WS1617" */;
			buildPhases = (
				3F96AF391E11A3110081EE0E /* Sources */,
				3F96AF3A1E11A3110081EE0E /* Frameworks */,
				3F96AF3B1E11A3110081EE0E /* Resources */,
			);
			buildRules = (
			);
			dependencies = (
			);
			name = "Mobu Gameshop WS1617";
			productName = "Mobu Gameshop WS1617";
			productReference = 3F96AF3D1E11A3120081EE0E /* Mobu Gameshop WS1617.app */;
			productType = "com.apple.product-type.application";
		};
/* End PBXNativeTarget section */

/* Begin PBXProject section */
		3F96AF351E11A3110081EE0E /* Project object */ = {
			isa = PBXProject;
			attributes = {
				KnownAssetTags = (
					New,
				);
				LastSwiftUpdateCheck = 0820;
				LastUpgradeCheck = 0820;
				ORGANIZATIONNAME = fhkl;
				TargetAttributes = {
					3F96AF3C1E11A3110081EE0E = {
						CreatedOnToolsVersion = 8.2.1;
						ProvisioningStyle = Automatic;
					};
				};
			};
			buildConfigurationList = 3F96AF381E11A3110081EE0E /* Build configuration list for PBXProject "Mobu Gameshop WS1617" */;
			compatibilityVersion = "Xcode 3.2";
			developmentRegion = English;
			hasScannedForEncodings = 0;
			knownRegions = (
				en,
				Base,
			);
			mainGroup = 3F96AF341E11A3110081EE0E;
			productRefGroup = 3F96AF3E1E11A3120081EE0E /* Products */;
			projectDirPath = "";
			projectRoot = "";
			targets = (
				3F96AF3C1E11A3110081EE0E /* Mobu Gameshop WS1617 */,
			);
		};
/* End PBXProject section */

/* Begin PBXResourcesBuildPhase section */
		3F96AF3B1E11A3110081EE0E /* Resources */ = {
			isa = PBXResourcesBuildPhase;
			buildActionMask = 2147483647;
			files = (
				3F96AF4B1E11A3120081EE0E /* LaunchScreen.storyboard in Resources */,
				3F96AF481E11A3120081EE0E /* Assets.xcassets in Resources */,
				3F96AF461E11A3120081EE0E /* Main.storyboard in Resources */,
			);
			runOnlyForDeploymentPostprocessing = 0;
		};
/* End PBXResourcesBuildPhase section */

/* Begin PBXSourcesBuildPhase section */
		3F96AF391E11A3110081EE0E /* Sources */ = {
			isa = PBXSourcesBuildPhase;
			buildActionMask = 2147483647;
			files = (
				3F30CE801E12C7A400187C62 /* ProfileViewController.swift in Sources */,
				3FED0B481E157EEB00222CC5 /* KategorieAuswahlViewController.swift in Sources */,
				3F96AF431E11A3120081EE0E /* ViewController.swift in Sources */,
				3F37D13C1E1AAB1400B653C2 /* KategorieSimulationViewController.swift in Sources */,
				3FC28D1B1E153B5B00ED7138 /* WunschViewController.swift in Sources */,
				3F7BB9EC1E154EC20032D6FE /* KategorienViewController.swift in Sources */,
				3F37D13A1E1AA96D00B653C2 /* KategorieRPGViewController.swift in Sources */,
				3F30CE841E12C85500187C62 /* WarenkorbViewController.swift in Sources */,
				3F96AF411E11A3120081EE0E /* AppDelegate.swift in Sources */,
				3F37D1401E1AB02800B653C2 /* KategorieSportViewController.swift in Sources */,
				3F37D1381E1AA56500B653C2 /* KategoriePCViewController.swift in Sources */,
			);
			runOnlyForDeploymentPostprocessing = 0;
		};
/* End PBXSourcesBuildPhase section */

/* Begin PBXVariantGroup section */
		3F96AF441E11A3120081EE0E /* Main.storyboard */ = {
			isa = PBXVariantGroup;
			children = (
				3F96AF451E11A3120081EE0E /* Base */,
			);
			name = Main.storyboard;
			sourceTree = "<group>";
		};
		3F96AF491E11A3120081EE0E /* LaunchScreen.storyboard */ = {
			isa = PBXVariantGroup;
			children = (
				3F96AF4A1E11A3120081EE0E /* Base */,
			);
			name = LaunchScreen.storyboard;
			sourceTree = "<group>";
		};
/* End PBXVariantGroup section */

/* Begin XCBuildConfiguration section */
		3F96AF4D1E11A3120081EE0E /* Debug */ = {
			isa = XCBuildConfiguration;
			buildSettings = {
				ALWAYS_SEARCH_USER_PATHS = NO;
				CLANG_ANALYZER_NONNULL = YES;
				CLANG_CXX_LANGUAGE_STANDARD = "gnu++0x";
				CLANG_CXX_LIBRARY = "libc++";
				CLANG_ENABLE_MODULES = YES;
				CLANG_ENABLE_OBJC_ARC = YES;
				CLANG_WARN_BOOL_CONVERSION = YES;
				CLANG_WARN_CONSTANT_CONVERSION = YES;
				CLANG_WARN_DIRECT_OBJC_ISA_USAGE = YES_ERROR;
				CLANG_WARN_DOCUMENTATION_COMMENTS = YES;
				CLANG_WARN_EMPTY_BODY = YES;
				CLANG_WARN_ENUM_CONVERSION = YES;
				CLANG_WARN_INFINITE_RECURSION = YES;
				CLANG_WARN_INT_CONVERSION = YES;
				CLANG_WARN_OBJC_ROOT_CLASS = YES_ERROR;
				CLANG_WARN_SUSPICIOUS_MOVE = YES;
				CLANG_WARN_UNREACHABLE_CODE = YES;
				CLANG_WARN__DUPLICATE_METHOD_MATCH = YES;
				"CODE_SIGN_IDENTITY[sdk=iphoneos*]" = "iPhone Developer";
				COPY_PHASE_STRIP = NO;
				DEBUG_INFORMATION_FORMAT = dwarf;
				ENABLE_STRICT_OBJC_MSGSEND = YES;
				ENABLE_TESTABILITY = YES;
				GCC_C_LANGUAGE_STANDARD = gnu99;
				GCC_DYNAMIC_NO_PIC = NO;
				GCC_NO_COMMON_BLOCKS = YES;
				GCC_OPTIMIZATION_LEVEL = 0;
				GCC_PREPROCESSOR_DEFINITIONS = (
					"DEBUG=1",
					"$(inherited)",
				);
				GCC_WARN_64_TO_32_BIT_CONVERSION = YES;
				GCC_WARN_ABOUT_RETURN_TYPE = YES_ERROR;
				GCC_WARN_UNDECLARED_SELECTOR = YES;
				GCC_WARN_UNINITIALIZED_AUTOS = YES_AGGRESSIVE;
				GCC_WARN_UNUSED_FUNCTION = YES;
				GCC_WARN_UNUSED_VARIABLE = YES;
				IPHONEOS_DEPLOYMENT_TARGET = 10.2;
				MTL_ENABLE_DEBUG_INFO = YES;
				ONLY_ACTIVE_ARCH = YES;
				SDKROOT = iphoneos;
				SWIFT_ACTIVE_COMPILATION_CONDITIONS = DEBUG;
				SWIFT_OPTIMIZATION_LEVEL = "-Onone";
				TARGETED_DEVICE_FAMILY = "1,2";
			};
			name = Debug;
		};
		3F96AF4E1E11A3120081EE0E /* Release */ = {
			isa = XCBuildConfiguration;
			buildSettings = {
				ALWAYS_SEARCH_USER_PATHS = NO;
				CLANG_ANALYZER_NONNULL = YES;
				CLANG_CXX_LANGUAGE_STANDARD = "gnu++0x";
				CLANG_CXX_LIBRARY = "libc++";
				CLANG_ENABLE_MODULES = YES;
				CLANG_ENABLE_OBJC_ARC = YES;
				CLANG_WARN_BOOL_CONVERSION = YES;
				CLANG_WARN_CONSTANT_CONVERSION = YES;
				CLANG_WARN_DIRECT_OBJC_ISA_USAGE = YES_ERROR;
				CLANG_WARN_DOCUMENTATION_COMMENTS = YES;
				CLANG_WARN_EMPTY_BODY = YES;
				CLANG_WARN_ENUM_CONVERSION = YES;
				CLANG_WARN_INFINITE_RECURSION = YES;
				CLANG_WARN_INT_CONVERSION = YES;
				CLANG_WARN_OBJC_ROOT_CLASS = YES_ERROR;
				CLANG_WARN_SUSPICIOUS_MOVE = YES;
				CLANG_WARN_UNREACHABLE_CODE = YES;
				CLANG_WARN__DUPLICATE_METHOD_MATCH = YES;
				"CODE_SIGN_IDENTITY[sdk=iphoneos*]" = "iPhone Developer";
				COPY_PHASE_STRIP = NO;
				DEBUG_INFORMATION_FORMAT = "dwarf-with-dsym";
				ENABLE_NS_ASSERTIONS = NO;
				ENABLE_STRICT_OBJC_MSGSEND = YES;
				GCC_C_LANGUAGE_STANDARD = gnu99;
				GCC_NO_COMMON_BLOCKS = YES;
				GCC_WARN_64_TO_32_BIT_CONVERSION = YES;
				GCC_WARN_ABOUT_RETURN_TYPE = YES_ERROR;
				GCC_WARN_UNDECLARED_SELECTOR = YES;
				GCC_WARN_UNINITIALIZED_AUTOS = YES_AGGRESSIVE;
				GCC_WARN_UNUSED_FUNCTION = YES;
				GCC_WARN_UNUSED_VARIABLE = YES;
				IPHONEOS_DEPLOYMENT_TARGET = 10.2;
				MTL_ENABLE_DEBUG_INFO = NO;
				SDKROOT = iphoneos;
				SWIFT_OPTIMIZATION_LEVEL = "-Owholemodule";
				TARGETED_DEVICE_FAMILY = "1,2";
				VALIDATE_PRODUCT = YES;
			};
			name = Release;
		};
		3F96AF501E11A3120081EE0E /* Debug */ = {
			isa = XCBuildConfiguration;
			buildSettings = {
				ASSETCATALOG_COMPILER_APPICON_NAME = AppIcon;
				INFOPLIST_FILE = "Mobu Gameshop WS1617/Info.plist";
				LD_RUNPATH_SEARCH_PATHS = "$(inherited) @executable_path/Frameworks";
				PRODUCT_BUNDLE_IDENTIFIER = "de.ws1617.Mobu-Gameshop-WS1617";
				PRODUCT_NAME = "$(TARGET_NAME)";
				SWIFT_VERSION = 3.0;
			};
			name = Debug;
		};
		3F96AF511E11A3120081EE0E /* Release */ = {
			isa = XCBuildConfiguration;
			buildSettings = {
				ASSETCATALOG_COMPILER_APPICON_NAME = AppIcon;
				INFOPLIST_FILE = "Mobu Gameshop WS1617/Info.plist";
				LD_RUNPATH_SEARCH_PATHS = "$(inherited) @executable_path/Frameworks";
				PRODUCT_BUNDLE_IDENTIFIER = "de.ws1617.Mobu-Gameshop-WS1617";
				PRODUCT_NAME = "$(TARGET_NAME)";
				SWIFT_VERSION = 3.0;
			};
			name = Release;
		};
/* End XCBuildConfiguration section */

/* Begin XCConfigurationList section */
		3F96AF381E11A3110081EE0E /* Build configuration list for PBXProject "Mobu Gameshop WS1617" */ = {
			isa = XCConfigurationList;
			buildConfigurations = (
				3F96AF4D1E11A3120081EE0E /* Debug */,
				3F96AF4E1E11A3120081EE0E /* Release */,
			);
			defaultConfigurationIsVisible = 0;
			defaultConfigurationName = Release;
		};
		3F96AF4F1E11A3120081EE0E /* Build configuration list for PBXNativeTarget "Mobu Gameshop WS1617" */ = {
			isa = XCConfigurationList;
			buildConfigurations = (
				3F96AF501E11A3120081EE0E /* Debug */,
				3F96AF511E11A3120081EE0E /* Release */,
			);
			defaultConfigurationIsVisible = 0;
			defaultConfigurationName = Release;
		};
/* End XCConfigurationList section */
	};
	rootObject = 3F96AF351E11A3110081EE0E /* Project object */;
}
